// !$*UTF8*$!
{
	archiveVersion = 1;
	classes = {
	};
	objectVersion = 46;
	objects = {

/* Begin PBXBuildFile section */
		5708EE5819D0CB360047A9BC /* Foundation.framework in Frameworks */ = {isa = PBXBuildFile; fileRef = 5708EE5719D0CB360047A9BC /* Foundation.framework */; };
		5708EE5A19D0CB360047A9BC /* CoreGraphics.framework in Frameworks */ = {isa = PBXBuildFile; fileRef = 5708EE5919D0CB360047A9BC /* CoreGraphics.framework */; };
		5708EE5C19D0CB360047A9BC /* UIKit.framework in Frameworks */ = {isa = PBXBuildFile; fileRef = 5708EE5B19D0CB360047A9BC /* UIKit.framework */; };
		5708EE6219D0CB360047A9BC /* InfoPlist.strings in Resources */ = {isa = PBXBuildFile; fileRef = 5708EE6019D0CB360047A9BC /* InfoPlist.strings */; };
		5708EE6419D0CB360047A9BC /* main.m in Sources */ = {isa = PBXBuildFile; fileRef = 5708EE6319D0CB360047A9BC /* main.m */; };
		5708EE6819D0CB360047A9BC /* LSAppDelegate.m in Sources */ = {isa = PBXBuildFile; fileRef = 5708EE6719D0CB360047A9BC /* LSAppDelegate.m */; };
		5708EE6B19D0CB360047A9BC /* Main.storyboard in Resources */ = {isa = PBXBuildFile; fileRef = 5708EE6919D0CB360047A9BC /* Main.storyboard */; };
		5708EE6E19D0CB360047A9BC /* LSViewController.m in Sources */ = {isa = PBXBuildFile; fileRef = 5708EE6D19D0CB360047A9BC /* LSViewController.m */; };
		5708EE7019D0CB360047A9BC /* Images.xcassets in Resources */ = {isa = PBXBuildFile; fileRef = 5708EE6F19D0CB360047A9BC /* Images.xcassets */; };
		57C44F2B19F6F75F0045A9F6 /* Localizable.strings in Resources */ = {isa = PBXBuildFile; fileRef = 57C44F2919F6F75F0045A9F6 /* Localizable.strings */; };
/* End PBXBuildFile section */

/* Begin PBXFileReference section */
		5708EE5419D0CB360047A9BC /* LocalizationSample.app */ = {isa = PBXFileReference; explicitFileType = wrapper.application; includeInIndex = 0; path = LocalizationSample.app; sourceTree = BUILT_PRODUCTS_DIR; };
		5708EE5719D0CB360047A9BC /* Foundation.framework */ = {isa = PBXFileReference; lastKnownFileType = wrapper.framework; name = Foundation.framework; path = System/Library/Frameworks/Foundation.framework; sourceTree = SDKROOT; };
		5708EE5919D0CB360047A9BC /* CoreGraphics.framework */ = {isa = PBXFileReference; lastKnownFileType = wrapper.framework; name = CoreGraphics.framework; path = System/Library/Frameworks/CoreGraphics.framework; sourceTree = SDKROOT; };
		5708EE5B19D0CB360047A9BC /* UIKit.framework */ = {isa = PBXFileReference; lastKnownFileType = wrapper.framework; name = UIKit.framework; path = System/Library/Frameworks/UIKit.framework; sourceTree = SDKROOT; };
		5708EE5F19D0CB360047A9BC /* LocalizationSample-Info.plist */ = {isa = PBXFileReference; lastKnownFileType = text.plist.xml; path = "LocalizationSample-Info.plist"; sourceTree = "<group>"; };
		5708EE6119D0CB360047A9BC /* en */ = {isa = PBXFileReference; lastKnownFileType = text.plist.strings; name = en; path = en.lproj/InfoPlist.strings; sourceTree = "<group>"; };
		5708EE6319D0CB360047A9BC /* main.m */ = {isa = PBXFileReference; lastKnownFileType = sourcecode.c.objc; path = main.m; sourceTree = "<group>"; };
		5708EE6519D0CB360047A9BC /* LocalizationSample-Prefix.pch */ = {isa = PBXFileReference; lastKnownFileType = sourcecode.c.h; path = "LocalizationSample-Prefix.pch"; sourceTree = "<group>"; };
		5708EE6619D0CB360047A9BC /* LSAppDelegate.h */ = {isa = PBXFileReference; lastKnownFileType = sourcecode.c.h; path = LSAppDelegate.h; sourceTree = "<group>"; };
		5708EE6719D0CB360047A9BC /* LSAppDelegate.m */ = {isa = PBXFileReference; lastKnownFileType = sourcecode.c.objc; path = LSAppDelegate.m; sourceTree = "<group>"; };
		5708EE6A19D0CB360047A9BC /* Base */ = {isa = PBXFileReference; lastKnownFileType = file.storyboard; name = Base; path = Base.lproj/Main.storyboard; sourceTree = "<group>"; };
		5708EE6C19D0CB360047A9BC /* LSViewController.h */ = {isa = PBXFileReference; lastKnownFileType = sourcecode.c.h; path = LSViewController.h; sourceTree = "<group>"; };
		5708EE6D19D0CB360047A9BC /* LSViewController.m */ = {isa = PBXFileReference; lastKnownFileType = sourcecode.c.objc; path = LSViewController.m; sourceTree = "<group>"; };
		5708EE6F19D0CB360047A9BC /* Images.xcassets */ = {isa = PBXFileReference; lastKnownFileType = folder.assetcatalog; path = Images.xcassets; sourceTree = "<group>"; };
		5708EE7619D0CB360047A9BC /* XCTest.framework */ = {isa = PBXFileReference; lastKnownFileType = wrapper.framework; name = XCTest.framework; path = Library/Frameworks/XCTest.framework; sourceTree = DEVELOPER_DIR; };
		57C44F2719F6F2E10045A9F6 /* Strings.h */ = {isa = PBXFileReference; lastKnownFileType = sourcecode.c.h; path = Strings.h; sourceTree = "<group>"; };
		57C44F2819F6F6420045A9F6 /* ru */ = {isa = PBXFileReference; lastKnownFileType = text.plist.strings; name = ru; path = ru.lproj/InfoPlist.strings; sourceTree = "<group>"; };
		57C44F2A19F6F75F0045A9F6 /* en */ = {isa = PBXFileReference; lastKnownFileType = text.plist.strings; name = en; path = en.lproj/Localizable.strings; sourceTree = "<group>"; };
		57C44F2C19F6FCA10045A9F6 /* ru */ = {isa = PBXFileReference; lastKnownFileType = text.plist.strings; name = ru; path = ru.lproj/Localizable.strings; sourceTree = "<group>"; };
/* End PBXFileReference section */

/* Begin PBXFrameworksBuildPhase section */
		5708EE5119D0CB360047A9BC /* Frameworks */ = {
			isa = PBXFrameworksBuildPhase;
			buildActionMask = 2147483647;
			files = (
				5708EE5A19D0CB360047A9BC /* CoreGraphics.framework in Frameworks */,
				5708EE5C19D0CB360047A9BC /* UIKit.framework in Frameworks */,
				5708EE5819D0CB360047A9BC /* Foundation.framework in Frameworks */,
			);
			runOnlyForDeploymentPostprocessing = 0;
		};
/* End PBXFrameworksBuildPhase section */

/* Begin PBXGroup section */
		5708EE4B19D0CB360047A9BC = {
			isa = PBXGroup;
			children = (
				5708EE5D19D0CB360047A9BC /* LocalizationSample */,
				5708EE5619D0CB360047A9BC /* Frameworks */,
				5708EE5519D0CB360047A9BC /* Products */,
			);
			sourceTree = "<group>";
		};
		5708EE5519D0CB360047A9BC /* Products */ = {
			isa = PBXGroup;
			children = (
				5708EE5419D0CB360047A9BC /* LocalizationSample.app */,
			);
			name = Products;
			sourceTree = "<group>";
		};
		5708EE5619D0CB360047A9BC /* Frameworks */ = {
			isa = PBXGroup;
			children = (
				5708EE5719D0CB360047A9BC /* Foundation.framework */,
				5708EE5919D0CB360047A9BC /* CoreGraphics.framework */,
				5708EE5B19D0CB360047A9BC /* UIKit.framework */,
				5708EE7619D0CB360047A9BC /* XCTest.framework */,
			);
			name = Frameworks;
			sourceTree = "<group>";
		};
		5708EE5D19D0CB360047A9BC /* LocalizationSample */ = {
			isa = PBXGroup;
			children = (
				5708EE6619D0CB360047A9BC /* LSAppDelegate.h */,
				5708EE6719D0CB360047A9BC /* LSAppDelegate.m */,
				5708EE6919D0CB360047A9BC /* Main.storyboard */,
				5708EE6C19D0CB360047A9BC /* LSViewController.h */,
				5708EE6D19D0CB360047A9BC /* LSViewController.m */,
				5708EE6F19D0CB360047A9BC /* Images.xcassets */,
				5708EE5E19D0CB360047A9BC /* Supporting Files */,
				57C44F2719F6F2E10045A9F6 /* Strings.h */,
			);
			path = LocalizationSample;
			sourceTree = "<group>";
		};
		5708EE5E19D0CB360047A9BC /* Supporting Files */ = {
			isa = PBXGroup;
			children = (
				57C44F2919F6F75F0045A9F6 /* Localizable.strings */,
				5708EE5F19D0CB360047A9BC /* LocalizationSample-Info.plist */,
				5708EE6019D0CB360047A9BC /* InfoPlist.strings */,
				5708EE6319D0CB360047A9BC /* main.m */,
				5708EE6519D0CB360047A9BC /* LocalizationSample-Prefix.pch */,
			);
			name = "Supporting Files";
			sourceTree = "<group>";
		};
/* End PBXGroup section */

/* Begin PBXNativeTarget section */
		5708EE5319D0CB360047A9BC /* LocalizationSample */ = {
			isa = PBXNativeTarget;
			buildConfigurationList = 5708EE8619D0CB360047A9BC /* Build configuration list for PBXNativeTarget "LocalizationSample" */;
			buildPhases = (
				5708EE5019D0CB360047A9BC /* Sources */,
				5708EE5119D0CB360047A9BC /* Frameworks */,
				5708EE5219D0CB360047A9BC /* Resources */,
			);
			buildRules = (
			);
			dependencies = (
			);
			name = LocalizationSample;
			productName = LocalizationSample;
			productReference = 5708EE5419D0CB360047A9BC /* LocalizationSample.app */;
			productType = "com.apple.product-type.application";
		};
/* End PBXNativeTarget section */

/* Begin PBXProject section */
		5708EE4C19D0CB360047A9BC /* Project object */ = {
			isa = PBXProject;
			attributes = {
				CLASSPREFIX = LS;
				LastUpgradeCheck = 0510;
				ORGANIZATIONNAME = tar;
			};
			buildConfigurationList = 5708EE4F19D0CB360047A9BC /* Build configuration list for PBXProject "LocalizationSample" */;
			compatibilityVersion = "Xcode 3.2";
			developmentRegion = English;
			hasScannedForEncodings = 0;
			knownRegions = (
				en,
				Base,
				ru,
			);
			mainGroup = 5708EE4B19D0CB360047A9BC;
			productRefGroup = 5708EE5519D0CB360047A9BC /* Products */;
			projectDirPath = "";
			projectRoot = "";
			targets = (
				5708EE5319D0CB360047A9BC /* LocalizationSample */,
			);
		};
/* End PBXProject section */

/* Begin PBXResourcesBuildPhase section */
		5708EE5219D0CB360047A9BC /* Resources */ = {
			isa = PBXResourcesBuildPhase;
			buildActionMask = 2147483647;
			files = (
				5708EE7019D0CB360047A9BC /* Images.xcassets in Resources */,
				57C44F2B19F6F75F0045A9F6 /* Localizable.strings in Resources */,
				5708EE6219D0CB360047A9BC /* InfoPlist.strings in Resources */,
				5708EE6B19D0CB360047A9BC /* Main.storyboard in Resources */,
			);
			runOnlyForDeploymentPostprocessing = 0;
		};
/* End PBXResourcesBuildPhase section */

/* Begin PBXSourcesBuildPhase section */
		5708EE5019D0CB360047A9BC /* Sources */ = {
			isa = PBXSourcesBuildPhase;
			buildActionMask = 2147483647;
			files = (
				5708EE6419D0CB360047A9BC /* main.m in Sources */,
				5708EE6819D0CB360047A9BC /* LSAppDelegate.m in Sources */,
				5708EE6E19D0CB360047A9BC /* LSViewController.m in Sources */,
			);
			runOnlyForDeploymentPostprocessing = 0;
		};
/* End PBXSourcesBuildPhase section */

/* Begin PBXVariantGroup section */
		5708EE6019D0CB360047A9BC /* InfoPlist.strings */ = {
			isa = PBXVariantGroup;
			children = (
				5708EE6119D0CB360047A9BC /* en */,
				57C44F2819F6F6420045A9F6 /* ru */,
			);
			name = InfoPlist.strings;
			sourceTree = "<group>";
		};
		5708EE6919D0CB360047A9BC /* Main.storyboard */ = {
			isa = PBXVariantGroup;
			children = (
				5708EE6A19D0CB360047A9BC /* Base */,
			);
			name = Main.storyboard;
			sourceTree = "<group>";
		};
		57C44F2919F6F75F0045A9F6 /* Localizable.strings */ = {
			isa = PBXVariantGroup;
			children = (
				57C44F2A19F6F75F0045A9F6 /* en */,
				57C44F2C19F6FCA10045A9F6 /* ru */,
			);
			name = Localizable.strings;
			sourceTree = "<group>";
		};
/* End PBXVariantGroup section */

/* Begin XCBuildConfiguration section */
		5708EE8419D0CB360047A9BC /* Debug */ = {
			isa = XCBuildConfiguration;
			buildSettings = {
				ALWAYS_SEARCH_USER_PATHS = NO;
				CLANG_CXX_LANGUAGE_STANDARD = "gnu++0x";
				CLANG_CXX_LIBRARY = "libc++";
				CLANG_ENABLE_MODULES = YES;
				CLANG_ENABLE_OBJC_ARC = YES;
				CLANG_WARN_BOOL_CONVERSION = YES;
				CLANG_WARN_CONSTANT_CONVERSION = YES;
				CLANG_WARN_DIRECT_OBJC_ISA_USAGE = YES_ERROR;
				CLANG_WARN_EMPTY_BODY = YES;
				CLANG_WARN_ENUM_CONVERSION = YES;
				CLANG_WARN_INT_CONVERSION = YES;
				CLANG_WARN_OBJC_ROOT_CLASS = YES_ERROR;
				CLANG_WARN__DUPLICATE_METHOD_MATCH = YES;
				"CODE_SIGN_IDENTITY[sdk=iphoneos*]" = "iPhone Developer";
				COPY_PHASE_STRIP = NO;
				GCC_C_LANGUAGE_STANDARD = gnu99;
				GCC_DYNAMIC_NO_PIC = NO;
				GCC_OPTIMIZATION_LEVEL = 0;
				GCC_PREPROCESSOR_DEFINITIONS = (
					"DEBUG=1",
					"$(inherited)",
				);
				GCC_SYMBOLS_PRIVATE_EXTERN = NO;
				GCC_WARN_64_TO_32_BIT_CONVERSION = YES;
				GCC_WARN_ABOUT_RETURN_TYPE = YES_ERROR;
				GCC_WARN_UNDECLARED_SELECTOR = YES;
				GCC_WARN_UNINITIALIZED_AUTOS = YES_AGGRESSIVE;
				GCC_WARN_UNUSED_FUNCTION = YES;
				GCC_WARN_UNUSED_VARIABLE = YES;
				IPHONEOS_DEPLOYMENT_TARGET = 7.1;
				ONLY_ACTIVE_ARCH = YES;
				SDKROOT = iphoneos;
			};
			name = Debug;
		};
		5708EE8519D0CB360047A9BC /* Release */ = {
			isa = XCBuildConfiguration;
			buildSettings = {
				ALWAYS_SEARCH_USER_PATHS = NO;
				CLANG_CXX_LANGUAGE_STANDARD = "gnu++0x";
				CLANG_CXX_LIBRARY = "libc++";
				CLANG_ENABLE_MODULES = YES;
				CLANG_ENABLE_OBJC_ARC = YES;
				CLANG_WARN_BOOL_CONVERSION = YES;
				CLANG_WARN_CONSTANT_CONVERSION = YES;
				CLANG_WARN_DIRECT_OBJC_ISA_USAGE = YES_ERROR;
				CLANG_WARN_EMPTY_BODY = YES;
				CLANG_WARN_ENUM_CONVERSION = YES;
				CLANG_WARN_INT_CONVERSION = YES;
				CLANG_WARN_OBJC_ROOT_CLASS = YES_ERROR;
				CLANG_WARN__DUPLICATE_METHOD_MATCH = YES;
				"CODE_SIGN_IDENTITY[sdk=iphoneos*]" = "iPhone Developer";
				COPY_PHASE_STRIP = YES;
				ENABLE_NS_ASSERTIONS = NO;
				GCC_C_LANGUAGE_STANDARD = gnu99;
				GCC_WARN_64_TO_32_BIT_CONVERSION = YES;
				GCC_WARN_ABOUT_RETURN_TYPE = YES_ERROR;
				GCC_WARN_UNDECLARED_SELECTOR = YES;
				GCC_WARN_UNINITIALIZED_AUTOS = YES_AGGRESSIVE;
				GCC_WARN_UNUSED_FUNCTION = YES;
				GCC_WARN_UNUSED_VARIABLE = YES;
				IPHONEOS_DEPLOYMENT_TARGET = 7.1;
				SDKROOT = iphoneos;
				VALIDATE_PRODUCT = YES;
			};
			name = Release;
		};
		5708EE8719D0CB360047A9BC /* Debug */ = {
			isa = XCBuildConfiguration;
			buildSettings = {
				ASSETCATALOG_COMPILER_APPICON_NAME = AppIcon;
				ASSETCATALOG_COMPILER_LAUNCHIMAGE_NAME = LaunchImage;
				GCC_PRECOMPILE_PREFIX_HEADER = YES;
				GCC_PREFIX_HEADER = "LocalizationSample/LocalizationSample-Prefix.pch";
				INFOPLIST_FILE = "LocalizationSample/LocalizationSample-Info.plist";
				PRODUCT_NAME = "$(TARGET_NAME)";
				WRAPPER_EXTENSION = app;
			};
			name = Debug;
		};
		5708EE8819D0CB360047A9BC /* Release */ = {
			isa = XCBuildConfiguration;
			buildSettings = {
				ASSETCATALOG_COMPILER_APPICON_NAME = AppIcon;
				ASSETCATALOG_COMPILER_LAUNCHIMAGE_NAME = LaunchImage;
				GCC_PRECOMPILE_PREFIX_HEADER = YES;
				GCC_PREFIX_HEADER = "LocalizationSample/LocalizationSample-Prefix.pch";
				INFOPLIST_FILE = "LocalizationSample/LocalizationSample-Info.plist";
				PRODUCT_NAME = "$(TARGET_NAME)";
				WRAPPER_EXTENSION = app;
			};
			name = Release;
		};
/* End XCBuildConfiguration section */

/* Begin XCConfigurationList section */
		5708EE4F19D0CB360047A9BC /* Build configuration list for PBXProject "LocalizationSample" */ = {
			isa = XCConfigurationList;
			buildConfigurations = (
				5708EE8419D0CB360047A9BC /* Debug */,
				5708EE8519D0CB360047A9BC /* Release */,
			);
			defaultConfigurationIsVisible = 0;
			defaultConfigurationName = Release;
		};
		5708EE8619D0CB360047A9BC /* Build configuration list for PBXNativeTarget "LocalizationSample" */ = {
			isa = XCConfigurationList;
			buildConfigurations = (
				5708EE8719D0CB360047A9BC /* Debug */,
				5708EE8819D0CB360047A9BC /* Release */,
			);
			defaultConfigurationIsVisible = 0;
			defaultConfigurationName = Release;
		};
/* End XCConfigurationList section */
	};
	rootObject = 5708EE4C19D0CB360047A9BC /* Project object */;
}
